{
  "name": "@mind-cli/exec",
  "version": "1.0.0",
  "lockfileVersion": 2,
  "requires": true,
  "packages": {
    "": {
      "name": "@mind-cli/exec",
      "version": "1.0.0",
      "license": "ISC",
      "dependencies": {
        "@mind-cli/log": "file:../../utils/log",
        "@mind-cli/package": "file:../../models/package"
      }
    },
    "../../models/package": {
      "name": "@mind-cli/package",
      "version": "1.0.0",
      "license": "ISC"
    },
    "../../utils/log": {
      "version": "1.0.0",
      "license": "ISC",
      "dependencies": {
        "npmlog": "^6.0.2"
      }
    },
    "../package": {
      "version": "1.0.0",
      "extraneous": true,
      "license": "ISC"
    },
    "node_modules/@mind-cli/log": {
      "resolved": "../../utils/log",
      "link": true
    },
    "node_modules/@mind-cli/package": {
      "resolved": "../../models/package",
      "link": true
    }
  },
  "dependencies": {
    "@mind-cli/log": {
      "version": "file:../../utils/log",
      "requires": {
        "npmlog": "^6.0.2"
      }
    },
    "@mind-cli/package": {
      "version": "file:../../models/package"
    }
  }
}
